// !$*UTF8*$!
{
	archiveVersion = 1;
	classes = {
	};
	objectVersion = 46;
	objects = {

/* Begin PBXBuildFile section */
		A890ECC7156223D500B6963D /* UIKit.framework in Frameworks */ = {isa = PBXBuildFile; fileRef = A890ECC6156223D500B6963D /* UIKit.framework */; };
		A890ECC9156223D500B6963D /* Foundation.framework in Frameworks */ = {isa = PBXBuildFile; fileRef = A890ECC8156223D500B6963D /* Foundation.framework */; };
		A890ECCB156223D500B6963D /* CoreGraphics.framework in Frameworks */ = {isa = PBXBuildFile; fileRef = A890ECCA156223D500B6963D /* CoreGraphics.framework */; };
		A890ECD1156223D500B6963D /* InfoPlist.strings in Resources */ = {isa = PBXBuildFile; fileRef = A890ECCF156223D500B6963D /* InfoPlist.strings */; };
		A890ECD3156223D500B6963D /* main.m in Sources */ = {isa = PBXBuildFile; fileRef = A890ECD2156223D500B6963D /* main.m */; };
		A890ECD7156223D500B6963D /* AppDelegate.m in Sources */ = {isa = PBXBuildFile; fileRef = A890ECD6156223D500B6963D /* AppDelegate.m */; };
		A890ECDA156223D500B6963D /* ViewController.m in Sources */ = {isa = PBXBuildFile; fileRef = A890ECD9156223D500B6963D /* ViewController.m */; };
		A890ECDD156223D500B6963D /* ViewController.xib in Resources */ = {isa = PBXBuildFile; fileRef = A890ECDB156223D500B6963D /* ViewController.xib */; };
		A890ECE5156227C300B6963D /* SMLogger.m in Sources */ = {isa = PBXBuildFile; fileRef = A890ECE4156227C300B6963D /* SMLogger.m */; };
/* End PBXBuildFile section */

/* Begin PBXFileReference section */
		A890ECC2156223D500B6963D /* CustomLogging.app */ = {isa = PBXFileReference; explicitFileType = wrapper.application; includeInIndex = 0; path = CustomLogging.app; sourceTree = BUILT_PRODUCTS_DIR; };
		A890ECC6156223D500B6963D /* UIKit.framework */ = {isa = PBXFileReference; lastKnownFileType = wrapper.framework; name = UIKit.framework; path = System/Library/Frameworks/UIKit.framework; sourceTree = SDKROOT; };
		A890ECC8156223D500B6963D /* Foundation.framework */ = {isa = PBXFileReference; lastKnownFileType = wrapper.framework; name = Foundation.framework; path = System/Library/Frameworks/Foundation.framework; sourceTree = SDKROOT; };
		A890ECCA156223D500B6963D /* CoreGraphics.framework */ = {isa = PBXFileReference; lastKnownFileType = wrapper.framework; name = CoreGraphics.framework; path = System/Library/Frameworks/CoreGraphics.framework; sourceTree = SDKROOT; };
		A890ECCE156223D500B6963D /* CustomLogging-Info.plist */ = {isa = PBXFileReference; lastKnownFileType = text.plist.xml; path = "CustomLogging-Info.plist"; sourceTree = "<group>"; };
		A890ECD0156223D500B6963D /* en */ = {isa = PBXFileReference; lastKnownFileType = text.plist.strings; name = en; path = en.lproj/InfoPlist.strings; sourceTree = "<group>"; };
		A890ECD2156223D500B6963D /* main.m */ = {isa = PBXFileReference; lastKnownFileType = sourcecode.c.objc; path = main.m; sourceTree = "<group>"; };
		A890ECD4156223D500B6963D /* CustomLogging-Prefix.pch */ = {isa = PBXFileReference; lastKnownFileType = sourcecode.c.h; path = "CustomLogging-Prefix.pch"; sourceTree = "<group>"; };
		A890ECD5156223D500B6963D /* AppDelegate.h */ = {isa = PBXFileReference; lastKnownFileType = sourcecode.c.h; path = AppDelegate.h; sourceTree = "<group>"; };
		A890ECD6156223D500B6963D /* AppDelegate.m */ = {isa = PBXFileReference; lastKnownFileType = sourcecode.c.objc; path = AppDelegate.m; sourceTree = "<group>"; };
		A890ECD8156223D500B6963D /* ViewController.h */ = {isa = PBXFileReference; lastKnownFileType = sourcecode.c.h; path = ViewController.h; sourceTree = "<group>"; };
		A890ECD9156223D500B6963D /* ViewController.m */ = {isa = PBXFileReference; lastKnownFileType = sourcecode.c.objc; path = ViewController.m; sourceTree = "<group>"; };
		A890ECDC156223D500B6963D /* en */ = {isa = PBXFileReference; lastKnownFileType = file.xib; name = en; path = en.lproj/ViewController.xib; sourceTree = "<group>"; };
		A890ECE3156227C300B6963D /* SMLogger.h */ = {isa = PBXFileReference; fileEncoding = 4; lastKnownFileType = sourcecode.c.h; name = SMLogger.h; path = SMLogger/SMLogger.h; sourceTree = "<group>"; };
		A890ECE4156227C300B6963D /* SMLogger.m */ = {isa = PBXFileReference; fileEncoding = 4; lastKnownFileType = sourcecode.c.objc; name = SMLogger.m; path = SMLogger/SMLogger.m; sourceTree = "<group>"; };
/* End PBXFileReference section */

/* Begin PBXFrameworksBuildPhase section */
		A890ECBF156223D500B6963D /* Frameworks */ = {
			isa = PBXFrameworksBuildPhase;
			buildActionMask = 2147483647;
			files = (
				A890ECC7156223D500B6963D /* UIKit.framework in Frameworks */,
				A890ECC9156223D500B6963D /* Foundation.framework in Frameworks */,
				A890ECCB156223D500B6963D /* CoreGraphics.framework in Frameworks */,
			);
			runOnlyForDeploymentPostprocessing = 0;
		};
/* End PBXFrameworksBuildPhase section */

/* Begin PBXGroup section */
		A890ECB7156223D500B6963D = {
			isa = PBXGroup;
			children = (
				A890ECCC156223D500B6963D /* CustomLogging */,
				A890ECC5156223D500B6963D /* Frameworks */,
				A890ECC3156223D500B6963D /* Products */,
			);
			sourceTree = "<group>";
		};
		A890ECC3156223D500B6963D /* Products */ = {
			isa = PBXGroup;
			children = (
				A890ECC2156223D500B6963D /* CustomLogging.app */,
			);
			name = Products;
			sourceTree = "<group>";
		};
		A890ECC5156223D500B6963D /* Frameworks */ = {
			isa = PBXGroup;
			children = (
				A890ECC6156223D500B6963D /* UIKit.framework */,
				A890ECC8156223D500B6963D /* Foundation.framework */,
				A890ECCA156223D500B6963D /* CoreGraphics.framework */,
			);
			name = Frameworks;
			sourceTree = "<group>";
		};
		A890ECCC156223D500B6963D /* CustomLogging */ = {
			isa = PBXGroup;
			children = (
				A890ECD5156223D500B6963D /* AppDelegate.h */,
				A890ECD6156223D500B6963D /* AppDelegate.m */,
				A890ECD8156223D500B6963D /* ViewController.h */,
				A890ECD9156223D500B6963D /* ViewController.m */,
				A890ECDB156223D500B6963D /* ViewController.xib */,
				A890ECCD156223D500B6963D /* Supporting Files */,
				A890ECE3156227C300B6963D /* SMLogger.h */,
				A890ECE4156227C300B6963D /* SMLogger.m */,
			);
			path = CustomLogging;
			sourceTree = "<group>";
		};
		A890ECCD156223D500B6963D /* Supporting Files */ = {
			isa = PBXGroup;
			children = (
				A890ECCE156223D500B6963D /* CustomLogging-Info.plist */,
				A890ECCF156223D500B6963D /* InfoPlist.strings */,
				A890ECD2156223D500B6963D /* main.m */,
				A890ECD4156223D500B6963D /* CustomLogging-Prefix.pch */,
			);
			name = "Supporting Files";
			sourceTree = "<group>";
		};
/* End PBXGroup section */

/* Begin PBXNativeTarget section */
		A890ECC1156223D500B6963D /* CustomLogging */ = {
			isa = PBXNativeTarget;
			buildConfigurationList = A890ECE0156223D500B6963D /* Build configuration list for PBXNativeTarget "CustomLogging" */;
			buildPhases = (
				A890ECBE156223D500B6963D /* Sources */,
				A890ECBF156223D500B6963D /* Frameworks */,
				A890ECC0156223D500B6963D /* Resources */,
			);
			buildRules = (
			);
			dependencies = (
			);
			name = CustomLogging;
			productName = CustomLogging;
			productReference = A890ECC2156223D500B6963D /* CustomLogging.app */;
			productType = "com.apple.product-type.application";
		};
/* End PBXNativeTarget section */

/* Begin PBXProject section */
		A890ECB9156223D500B6963D /* Project object */ = {
			isa = PBXProject;
			attributes = {
				LastUpgradeCheck = 0430;
				ORGANIZATIONNAME = ServiceMax;
			};
			buildConfigurationList = A890ECBC156223D500B6963D /* Build configuration list for PBXProject "CustomLogging" */;
			compatibilityVersion = "Xcode 3.2";
			developmentRegion = English;
			hasScannedForEncodings = 0;
			knownRegions = (
				en,
			);
			mainGroup = A890ECB7156223D500B6963D;
			productRefGroup = A890ECC3156223D500B6963D /* Products */;
			projectDirPath = "";
			projectRoot = "";
			targets = (
				A890ECC1156223D500B6963D /* CustomLogging */,
			);
		};
/* End PBXProject section */

/* Begin PBXResourcesBuildPhase section */
		A890ECC0156223D500B6963D /* Resources */ = {
			isa = PBXResourcesBuildPhase;
			buildActionMask = 2147483647;
			files = (
				A890ECD1156223D500B6963D /* InfoPlist.strings in Resources */,
				A890ECDD156223D500B6963D /* ViewController.xib in Resources */,
			);
			runOnlyForDeploymentPostprocessing = 0;
		};
/* End PBXResourcesBuildPhase section */

/* Begin PBXSourcesBuildPhase section */
		A890ECBE156223D500B6963D /* Sources */ = {
			isa = PBXSourcesBuildPhase;
			buildActionMask = 2147483647;
			files = (
				A890ECD3156223D500B6963D /* main.m in Sources */,
				A890ECD7156223D500B6963D /* AppDelegate.m in Sources */,
				A890ECDA156223D500B6963D /* ViewController.m in Sources */,
				A890ECE5156227C300B6963D /* SMLogger.m in Sources */,
			);
			runOnlyForDeploymentPostprocessing = 0;
		};
/* End PBXSourcesBuildPhase section */

/* Begin PBXVariantGroup section */
		A890ECCF156223D500B6963D /* InfoPlist.strings */ = {
			isa = PBXVariantGroup;
			children = (
				A890ECD0156223D500B6963D /* en */,
			);
			name = InfoPlist.strings;
			sourceTree = "<group>";
		};
		A890ECDB156223D500B6963D /* ViewController.xib */ = {
			isa = PBXVariantGroup;
			children = (
				A890ECDC156223D500B6963D /* en */,
			);
			name = ViewController.xib;
			sourceTree = "<group>";
		};
/* End PBXVariantGroup section */

/* Begin XCBuildConfiguration section */
		A890ECDE156223D500B6963D /* Debug */ = {
			isa = XCBuildConfiguration;
			buildSettings = {
				ALWAYS_SEARCH_USER_PATHS = NO;
				ARCHS = "$(ARCHS_STANDARD_32_BIT)";
				"CODE_SIGN_IDENTITY[sdk=iphoneos*]" = "iPhone Developer";
				COPY_PHASE_STRIP = NO;
				GCC_C_LANGUAGE_STANDARD = gnu99;
				GCC_DYNAMIC_NO_PIC = NO;
				GCC_OPTIMIZATION_LEVEL = 0;
				GCC_PREPROCESSOR_DEFINITIONS = (
					"DEBUG=1",
					"$(inherited)",
				);
				GCC_SYMBOLS_PRIVATE_EXTERN = NO;
				GCC_VERSION = com.apple.compilers.llvm.clang.1_0;
				GCC_WARN_ABOUT_RETURN_TYPE = YES;
				GCC_WARN_UNINITIALIZED_AUTOS = YES;
				GCC_WARN_UNUSED_VARIABLE = YES;
				IPHONEOS_DEPLOYMENT_TARGET = 5.1;
				SDKROOT = iphoneos;
				TARGETED_DEVICE_FAMILY = 2;
			};
			name = Debug;
		};
		A890ECDF156223D500B6963D /* Release */ = {
			isa = XCBuildConfiguration;
			buildSettings = {
				ALWAYS_SEARCH_USER_PATHS = NO;
				ARCHS = "$(ARCHS_STANDARD_32_BIT)";
				"CODE_SIGN_IDENTITY[sdk=iphoneos*]" = "iPhone Developer";
				COPY_PHASE_STRIP = YES;
				GCC_C_LANGUAGE_STANDARD = gnu99;
				GCC_VERSION = com.apple.compilers.llvm.clang.1_0;
				GCC_WARN_ABOUT_RETURN_TYPE = YES;
				GCC_WARN_UNINITIALIZED_AUTOS = YES;
				GCC_WARN_UNUSED_VARIABLE = YES;
				IPHONEOS_DEPLOYMENT_TARGET = 5.1;
				OTHER_CFLAGS = "-DNS_BLOCK_ASSERTIONS=1";
				SDKROOT = iphoneos;
				TARGETED_DEVICE_FAMILY = 2;
				VALIDATE_PRODUCT = YES;
			};
			name = Release;
		};
		A890ECE1156223D500B6963D /* Debug */ = {
			isa = XCBuildConfiguration;
			buildSettings = {
				CODE_SIGN_IDENTITY = "iPhone Developer: Krishnaprasad Athani (53YNEQEZ6V)";
				GCC_PRECOMPILE_PREFIX_HEADER = YES;
				GCC_PREFIX_HEADER = "CustomLogging/CustomLogging-Prefix.pch";
				GCC_VERSION = com.apple.compilers.llvm.clang.1_0;
				INFOPLIST_FILE = "CustomLogging/CustomLogging-Info.plist";
				PRODUCT_NAME = "$(TARGET_NAME)";
				PROVISIONING_PROFILE = "70AA5A1D-3BF3-4FFD-9D3F-1E0397C3D328";
				WRAPPER_EXTENSION = app;
			};
			name = Debug;
		};
		A890ECE2156223D500B6963D /* Release */ = {
			isa = XCBuildConfiguration;
			buildSettings = {
				CODE_SIGN_IDENTITY = "iPhone Developer: Krishnaprasad Athani (53YNEQEZ6V)";
				GCC_PRECOMPILE_PREFIX_HEADER = YES;
				GCC_PREFIX_HEADER = "CustomLogging/CustomLogging-Prefix.pch";
				GCC_VERSION = com.apple.compilers.llvm.clang.1_0;
				INFOPLIST_FILE = "CustomLogging/CustomLogging-Info.plist";
				PRODUCT_NAME = "$(TARGET_NAME)";
				PROVISIONING_PROFILE = "70AA5A1D-3BF3-4FFD-9D3F-1E0397C3D328";
				WRAPPER_EXTENSION = app;
			};
			name = Release;
		};
/* End XCBuildConfiguration section */

/* Begin XCConfigurationList section */
		A890ECBC156223D500B6963D /* Build configuration list for PBXProject "CustomLogging" */ = {
			isa = XCConfigurationList;
			buildConfigurations = (
				A890ECDE156223D500B6963D /* Debug */,
				A890ECDF156223D500B6963D /* Release */,
			);
			defaultConfigurationIsVisible = 0;
			defaultConfigurationName = Release;
		};
		A890ECE0156223D500B6963D /* Build configuration list for PBXNativeTarget "CustomLogging" */ = {
			isa = XCConfigurationList;
			buildConfigurations = (
				A890ECE1156223D500B6963D /* Debug */,
				A890ECE2156223D500B6963D /* Release */,
			);
			defaultConfigurationIsVisible = 0;
			defaultConfigurationName = Release;
		};
/* End XCConfigurationList section */
	};
	rootObject = A890ECB9156223D500B6963D /* Project object */;
}
